<?xml version="1.0" encoding="utf-8"?>
<Project ToolsVersion="4.0" xmlns="http://schemas.microsoft.com/developer/msbuild/2003">
  <ItemGroup>
    <Filter Include="Axis">
      <UniqueIdentifier>{9AC0827C-86F7-830D-2FE4-69101BFAFF0E}</UniqueIdentifier>
    </Filter>
  </ItemGroup>
  <ItemGroup>
    <ClInclude Include="src\Axis.h" />
    <ClInclude Include="src\Axis\Application.h">
      <Filter>Axis</Filter>
    </ClInclude>
    <ClInclude Include="src\Axis\Core.h">
      <Filter>Axis</Filter>
    </ClInclude>
    <ClInclude Include="src\Axis\EntryPoint.h">
      <Filter>Axis</Filter>
    </ClInclude>
    <ClInclude Include="src\Axis\Log.h">
      <Filter>Axis</Filter>
    </ClInclude>
    <ClInclude Include="src\Axis\Events\MouseEvent.h" />
    <ClInclude Include="src\Axis\Events\KeyEvent.h" />
    <ClInclude Include="src\Axis\Events\ApplicationEvent.h" />
    <ClInclude Include="src\Axis\Events\Events.h" />
  </ItemGroup>
  <ItemGroup>
    <ClCompile Include="src\Axis\Application.cpp">
      <Filter>Axis</Filter>
    </ClCompile>
    <ClCompile Include="src\Axis\Log.cpp">
      <Filter>Axis</Filter>
    </ClCompile>
  </ItemGroup>
</Project>