<?xml version="1.0" encoding="utf-8"?>
<Project ToolsVersion="4.0" xmlns="http://schemas.microsoft.com/developer/msbuild/2003">
  <ItemGroup>
    <Filter Include="Axis">
      <UniqueIdentifier>{9AC0827C-86F7-830D-2FE4-69101BFAFF0E}</UniqueIdentifier>
    </Filter>
    <Filter Include="Axis\Imgui">
      <UniqueIdentifier>{644924C5-5001-6612-B908-3F6EA5DF0003}</UniqueIdentifier>
    </Filter>
    <Filter Include="Axis\Renderer">
      <UniqueIdentifier>{80518180-EC11-FDB6-B54C-463421CC4193}</UniqueIdentifier>
    </Filter>
    <Filter Include="Axis\Renderer\OpenGL">
      <UniqueIdentifier>{B44A039D-A0D9-8C66-49F8-A06135669D0C}</UniqueIdentifier>
    </Filter>
    <Filter Include="platform">
      <UniqueIdentifier>{4A63C33C-3630-1E48-5F49-0CF04B7553D6}</UniqueIdentifier>
    </Filter>
    <Filter Include="platform\windows">
      <UniqueIdentifier>{A44FC440-9048-E392-B97A-C817A5D2C29E}</UniqueIdentifier>
    </Filter>
  </ItemGroup>
  <ItemGroup>
    <ClInclude Include="src\Axis.h" />
    <ClInclude Include="src\Axis\Application.h">
      <Filter>Axis</Filter>
    </ClInclude>
    <ClInclude Include="src\Axis\Core.h">
      <Filter>Axis</Filter>
    </ClInclude>
    <ClInclude Include="src\Axis\EntryPoint.h">
      <Filter>Axis</Filter>
    </ClInclude>
    <ClInclude Include="src\Axis\Imgui\ImguiLayer.h">
      <Filter>Axis\Imgui</Filter>
    </ClInclude>
    <ClInclude Include="src\Axis\Input.h">
      <Filter>Axis</Filter>
    </ClInclude>
    <ClInclude Include="src\Axis\Layer.h">
      <Filter>Axis</Filter>
    </ClInclude>
    <ClInclude Include="src\Axis\LayerStack.h">
      <Filter>Axis</Filter>
    </ClInclude>
    <ClInclude Include="src\Axis\Log.h">
      <Filter>Axis</Filter>
    </ClInclude>
    <ClInclude Include="src\Axis\Renderer\OpenGL\OpenGLBuffers.h">
      <Filter>Axis\Renderer\OpenGL</Filter>
    </ClInclude>
    <ClInclude Include="src\Axis\Renderer\OpenGL\OpenGLShaders.h">
      <Filter>Axis\Renderer\OpenGL</Filter>
    </ClInclude>
    <ClInclude Include="src\Axis\Window.h">
      <Filter>Axis</Filter>
    </ClInclude>
    <ClInclude Include="src\pch.h" />
    <ClInclude Include="src\platform\windows\WindowsInput.h">
      <Filter>platform\windows</Filter>
    </ClInclude>
    <ClInclude Include="src\platform\windows\WindowsWindow.h">
      <Filter>platform\windows</Filter>
    </ClInclude>
    <ClInclude Include="src\Axis\Renderer\OpenGL\OpenGLErrors.h" />
    <ClInclude Include="src\Axis\Renderer\RenderCommand.h" />
  </ItemGroup>
  <ItemGroup>
    <ClCompile Include="src\Axis\Application.cpp">
      <Filter>Axis</Filter>
    </ClCompile>
    <ClCompile Include="src\Axis\Imgui\ImguiBuild.cpp">
      <Filter>Axis\Imgui</Filter>
    </ClCompile>
    <ClCompile Include="src\Axis\Imgui\ImguiLayer.cpp">
      <Filter>Axis\Imgui</Filter>
    </ClCompile>
    <ClCompile Include="src\Axis\LayerStack.cpp">
      <Filter>Axis</Filter>
    </ClCompile>
    <ClCompile Include="src\Axis\Log.cpp">
      <Filter>Axis</Filter>
    </ClCompile>
    <ClCompile Include="src\Axis\Renderer\OpenGL\OpenGLBuffers.cpp">
      <Filter>Axis\Renderer\OpenGL</Filter>
    </ClCompile>
    <ClCompile Include="src\Axis\Renderer\OpenGL\OpenGLShaders.cpp">
      <Filter>Axis\Renderer\OpenGL</Filter>
    </ClCompile>
    <ClCompile Include="src\pch.cpp" />
    <ClCompile Include="src\platform\windows\WindowsInput.cpp">
      <Filter>platform\windows</Filter>
    </ClCompile>
    <ClCompile Include="src\platform\windows\WindowsWindow.cpp">
      <Filter>platform\windows</Filter>
    </ClCompile>
    <ClCompile Include="src\Axis\Renderer\OpenGL\OpenGLErrors.cpp" />
    <ClCompile Include="src\Axis\Renderer\RenderCommand.cpp" />
  </ItemGroup>
</Project>